
Microsoft Visual Studio Solution File, Format Version 12.00
# Visual Studio Version 17
VisualStudioVersion = 17.11.35208.52
MinimumVisualStudioVersion = 10.0.40219.1
Project("{FAE04EC0-301F-11D3-BF4B-00C04F79EFBC}") = "WinLab4", "WinLab4.csproj", "{5BB0C1A9-7C24-44CA-A3FB-8C12300A744D}"
EndProject
Global
	GlobalSection(SolutionConfigurationPlatforms) = preSolution
		Debug|Any CPU = Debug|Any CPU
		Release|Any CPU = Release|Any CPU
	EndGlobalSection
	GlobalSection(ProjectConfigurationPlatforms) = postSolution
		{5BB0C1A9-7C24-44CA-A3FB-8C12300A744D}.Debug|Any CPU.ActiveCfg = Debug|Any CPU
		{5BB0C1A9-7C24-44CA-A3FB-8C12300A744D}.Debug|Any CPU.Build.0 = Debug|Any CPU
		{5BB0C1A9-7C24-44CA-A3FB-8C12300A744D}.Release|Any CPU.ActiveCfg = Release|Any CPU
		{5BB0C1A9-7C24-44CA-A3FB-8C12300A744D}.Release|Any CPU.Build.0 = Release|Any CPU
	EndGlobalSection
	GlobalSection(SolutionProperties) = preSolution
		HideSolutionNode = FALSE
	EndGlobalSection
	GlobalSection(ExtensibilityGlobals) = postSolution
		SolutionGuid = {3E5DE9EB-F1E2-4869-B39F-9D662CB0FAB5}
	EndGlobalSection
EndGlobal
